// !$*UTF8*$!
{
	archiveVersion = 1;
	classes = {
	};
	objectVersion = 77;
	objects = {

/* Begin PBXContainerItemProxy section */
		3BE407782CF7DA1D00E2D5F9 /* PBXContainerItemProxy */ = {
			isa = PBXContainerItemProxy;
			containerPortal = 3BE4075B2CF7DA1B00E2D5F9 /* Project object */;
			proxyType = 1;
			remoteGlobalIDString = 3BE407622CF7DA1B00E2D5F9;
			remoteInfo = AkuamarinTripMate;
		};
		3BE407822CF7DA1D00E2D5F9 /* PBXContainerItemProxy */ = {
			isa = PBXContainerItemProxy;
			containerPortal = 3BE4075B2CF7DA1B00E2D5F9 /* Project object */;
			proxyType = 1;
			remoteGlobalIDString = 3BE407622CF7DA1B00E2D5F9;
			remoteInfo = AkuamarinTripMate;
		};
/* End PBXContainerItemProxy section */

/* Begin PBXFileReference section */
		3BE407632CF7DA1B00E2D5F9 /* AkuamarinTripMate.app */ = {isa = PBXFileReference; explicitFileType = wrapper.application; includeInIndex = 0; path = AkuamarinTripMate.app; sourceTree = BUILT_PRODUCTS_DIR; };
		3BE407772CF7DA1D00E2D5F9 /* AkuamarinTripMateTests.xctest */ = {isa = PBXFileReference; explicitFileType = wrapper.cfbundle; includeInIndex = 0; path = AkuamarinTripMateTests.xctest; sourceTree = BUILT_PRODUCTS_DIR; };
		3BE407812CF7DA1D00E2D5F9 /* AkuamarinTripMateUITests.xctest */ = {isa = PBXFileReference; explicitFileType = wrapper.cfbundle; includeInIndex = 0; path = AkuamarinTripMateUITests.xctest; sourceTree = BUILT_PRODUCTS_DIR; };
/* End PBXFileReference section */

/* Begin PBXFileSystemSynchronizedBuildFileExceptionSet section */
		3BE407892CF7DA1D00E2D5F9 /* Exceptions for "AkuamarinTripMate" folder in "AkuamarinTripMate" target */ = {
			isa = PBXFileSystemSynchronizedBuildFileExceptionSet;
			membershipExceptions = (
				Info.plist,
			);
			target = 3BE407622CF7DA1B00E2D5F9 /* AkuamarinTripMate */;
		};
/* End PBXFileSystemSynchronizedBuildFileExceptionSet section */

/* Begin PBXFileSystemSynchronizedRootGroup section */
		3BE407652CF7DA1B00E2D5F9 /* AkuamarinTripMate */ = {
			isa = PBXFileSystemSynchronizedRootGroup;
			exceptions = (
				3BE407892CF7DA1D00E2D5F9 /* Exceptions for "AkuamarinTripMate" folder in "AkuamarinTripMate" target */,
			);
			path = AkuamarinTripMate;
			sourceTree = "<group>";
		};
		3BE4077A2CF7DA1D00E2D5F9 /* AkuamarinTripMateTests */ = {
			isa = PBXFileSystemSynchronizedRootGroup;
			path = AkuamarinTripMateTests;
			sourceTree = "<group>";
		};
		3BE407842CF7DA1D00E2D5F9 /* AkuamarinTripMateUITests */ = {
			isa = PBXFileSystemSynchronizedRootGroup;
			path = AkuamarinTripMateUITests;
			sourceTree = "<group>";
		};
/* End PBXFileSystemSynchronizedRootGroup section */

/* Begin PBXFrameworksBuildPhase section */
		3BE407602CF7DA1B00E2D5F9 /* Frameworks */ = {
			isa = PBXFrameworksBuildPhase;
			buildActionMask = 2147483647;
			files = (
			);
			runOnlyForDeploymentPostprocessing = 0;
		};
		3BE407742CF7DA1D00E2D5F9 /* Frameworks */ = {
			isa = PBXFrameworksBuildPhase;
			buildActionMask = 2147483647;
			files = (
			);
			runOnlyForDeploymentPostprocessing = 0;
		};
		3BE4077E2CF7DA1D00E2D5F9 /* Frameworks */ = {
			isa = PBXFrameworksBuildPhase;
			buildActionMask = 2147483647;
			files = (
			);
			runOnlyForDeploymentPostprocessing = 0;
		};
/* End PBXFrameworksBuildPhase section */

/* Begin PBXGroup section */
		3BE4075A2CF7DA1B00E2D5F9 = {
			isa = PBXGroup;
			children = (
				3BE407652CF7DA1B00E2D5F9 /* AkuamarinTripMate */,
				3BE4077A2CF7DA1D00E2D5F9 /* AkuamarinTripMateTests */,
				3BE407842CF7DA1D00E2D5F9 /* AkuamarinTripMateUITests */,
				3BE407642CF7DA1B00E2D5F9 /* Products */,
			);
			sourceTree = "<group>";
		};
		3BE407642CF7DA1B00E2D5F9 /* Products */ = {
			isa = PBXGroup;
			children = (
				3BE407632CF7DA1B00E2D5F9 /* AkuamarinTripMate.app */,
				3BE407772CF7DA1D00E2D5F9 /* AkuamarinTripMateTests.xctest */,
				3BE407812CF7DA1D00E2D5F9 /* AkuamarinTripMateUITests.xctest */,
			);
			name = Products;
			sourceTree = "<group>";
		};
/* End PBXGroup section */

/* Begin PBXNativeTarget section */
		3BE407622CF7DA1B00E2D5F9 /* AkuamarinTripMate */ = {
			isa = PBXNativeTarget;
			buildConfigurationList = 3BE4078A2CF7DA1D00E2D5F9 /* Build configuration list for PBXNativeTarget "AkuamarinTripMate" */;
			buildPhases = (
				3BE4075F2CF7DA1B00E2D5F9 /* Sources */,
				3BE407602CF7DA1B00E2D5F9 /* Frameworks */,
				3BE407612CF7DA1B00E2D5F9 /* Resources */,
			);
			buildRules = (
			);
			dependencies = (
			);
			fileSystemSynchronizedGroups = (
				3BE407652CF7DA1B00E2D5F9 /* AkuamarinTripMate */,
			);
			name = AkuamarinTripMate;
			packageProductDependencies = (
			);
			productName = AkuamarinTripMate;
			productReference = 3BE407632CF7DA1B00E2D5F9 /* AkuamarinTripMate.app */;
			productType = "com.apple.product-type.application";
		};
		3BE407762CF7DA1D00E2D5F9 /* AkuamarinTripMateTests */ = {
			isa = PBXNativeTarget;
			buildConfigurationList = 3BE4078F2CF7DA1D00E2D5F9 /* Build configuration list for PBXNativeTarget "AkuamarinTripMateTests" */;
			buildPhases = (
				3BE407732CF7DA1D00E2D5F9 /* Sources */,
				3BE407742CF7DA1D00E2D5F9 /* Frameworks */,
				3BE407752CF7DA1D00E2D5F9 /* Resources */,
			);
			buildRules = (
			);
			dependencies = (
				3BE407792CF7DA1D00E2D5F9 /* PBXTargetDependency */,
			);
			fileSystemSynchronizedGroups = (
				3BE4077A2CF7DA1D00E2D5F9 /* AkuamarinTripMateTests */,
			);
			name = AkuamarinTripMateTests;
			packageProductDependencies = (
			);
			productName = AkuamarinTripMateTests;
			productReference = 3BE407772CF7DA1D00E2D5F9 /* AkuamarinTripMateTests.xctest */;
			productType = "com.apple.product-type.bundle.unit-test";
		};
		3BE407802CF7DA1D00E2D5F9 /* AkuamarinTripMateUITests */ = {
			isa = PBXNativeTarget;
			buildConfigurationList = 3BE407922CF7DA1D00E2D5F9 /* Build configuration list for PBXNativeTarget "AkuamarinTripMateUITests" */;
			buildPhases = (
				3BE4077D2CF7DA1D00E2D5F9 /* Sources */,
				3BE4077E2CF7DA1D00E2D5F9 /* Frameworks */,
				3BE4077F2CF7DA1D00E2D5F9 /* Resources */,
			);
			buildRules = (
			);
			dependencies = (
				3BE407832CF7DA1D00E2D5F9 /* PBXTargetDependency */,
			);
			fileSystemSynchronizedGroups = (
				3BE407842CF7DA1D00E2D5F9 /* AkuamarinTripMateUITests */,
			);
			name = AkuamarinTripMateUITests;
			packageProductDependencies = (
			);
			productName = AkuamarinTripMateUITests;
			productReference = 3BE407812CF7DA1D00E2D5F9 /* AkuamarinTripMateUITests.xctest */;
			productType = "com.apple.product-type.bundle.ui-testing";
		};
/* End PBXNativeTarget section */

/* Begin PBXProject section */
		3BE4075B2CF7DA1B00E2D5F9 /* Project object */ = {
			isa = PBXProject;
			attributes = {
				BuildIndependentTargetsInParallel = 1;
				LastSwiftUpdateCheck = 1610;
				LastUpgradeCheck = 1610;
				TargetAttributes = {
					3BE407622CF7DA1B00E2D5F9 = {
						CreatedOnToolsVersion = 16.1;
					};
					3BE407762CF7DA1D00E2D5F9 = {
						CreatedOnToolsVersion = 16.1;
						TestTargetID = 3BE407622CF7DA1B00E2D5F9;
					};
					3BE407802CF7DA1D00E2D5F9 = {
						CreatedOnToolsVersion = 16.1;
						TestTargetID = 3BE407622CF7DA1B00E2D5F9;
					};
				};
			};
			buildConfigurationList = 3BE4075E2CF7DA1B00E2D5F9 /* Build configuration list for PBXProject "AkuamarinTripMate" */;
			developmentRegion = en;
			hasScannedForEncodings = 0;
			knownRegions = (
				en,
				Base,
			);
			mainGroup = 3BE4075A2CF7DA1B00E2D5F9;
			minimizedProjectReferenceProxies = 1;
			preferredProjectObjectVersion = 77;
			productRefGroup = 3BE407642CF7DA1B00E2D5F9 /* Products */;
			projectDirPath = "";
			projectRoot = "";
			targets = (
				3BE407622CF7DA1B00E2D5F9 /* AkuamarinTripMate */,
				3BE407762CF7DA1D00E2D5F9 /* AkuamarinTripMateTests */,
				3BE407802CF7DA1D00E2D5F9 /* AkuamarinTripMateUITests */,
			);
		};
/* End PBXProject section */

/* Begin PBXResourcesBuildPhase section */
		3BE407612CF7DA1B00E2D5F9 /* Resources */ = {
			isa = PBXResourcesBuildPhase;
			buildActionMask = 2147483647;
			files = (
			);
			runOnlyForDeploymentPostprocessing = 0;
		};
		3BE407752CF7DA1D00E2D5F9 /* Resources */ = {
			isa = PBXResourcesBuildPhase;
			buildActionMask = 2147483647;
			files = (
			);
			runOnlyForDeploymentPostprocessing = 0;
		};
		3BE4077F2CF7DA1D00E2D5F9 /* Resources */ = {
			isa = PBXResourcesBuildPhase;
			buildActionMask = 2147483647;
			files = (
			);
			runOnlyForDeploymentPostprocessing = 0;
		};
/* End PBXResourcesBuildPhase section */

/* Begin PBXSourcesBuildPhase section */
		3BE4075F2CF7DA1B00E2D5F9 /* Sources */ = {
			isa = PBXSourcesBuildPhase;
			buildActionMask = 2147483647;
			files = (
			);
			runOnlyForDeploymentPostprocessing = 0;
		};
		3BE407732CF7DA1D00E2D5F9 /* Sources */ = {
			isa = PBXSourcesBuildPhase;
			buildActionMask = 2147483647;
			files = (
			);
			runOnlyForDeploymentPostprocessing = 0;
		};
		3BE4077D2CF7DA1D00E2D5F9 /* Sources */ = {
			isa = PBXSourcesBuildPhase;
			buildActionMask = 2147483647;
			files = (
			);
			runOnlyForDeploymentPostprocessing = 0;
		};
/* End PBXSourcesBuildPhase section */

/* Begin PBXTargetDependency section */
		3BE407792CF7DA1D00E2D5F9 /* PBXTargetDependency */ = {
			isa = PBXTargetDependency;
			target = 3BE407622CF7DA1B00E2D5F9 /* AkuamarinTripMate */;
			targetProxy = 3BE407782CF7DA1D00E2D5F9 /* PBXContainerItemProxy */;
		};
		3BE407832CF7DA1D00E2D5F9 /* PBXTargetDependency */ = {
			isa = PBXTargetDependency;
			target = 3BE407622CF7DA1B00E2D5F9 /* AkuamarinTripMate */;
			targetProxy = 3BE407822CF7DA1D00E2D5F9 /* PBXContainerItemProxy */;
		};
/* End PBXTargetDependency section */

/* Begin XCBuildConfiguration section */
		3BE4078B2CF7DA1D00E2D5F9 /* Debug */ = {
			isa = XCBuildConfiguration;
			buildSettings = {
				ASSETCATALOG_COMPILER_APPICON_NAME = AppIcon;
				ASSETCATALOG_COMPILER_GLOBAL_ACCENT_COLOR_NAME = AccentColor;
				CODE_SIGN_ENTITLEMENTS = AkuamarinTripMate/AkuamarinTripMate.entitlements;
				CODE_SIGN_STYLE = Automatic;
				CURRENT_PROJECT_VERSION = 1;
				DEVELOPMENT_ASSET_PATHS = "\"AkuamarinTripMate/Preview Content\"";
				ENABLE_PREVIEWS = YES;
				GENERATE_INFOPLIST_FILE = YES;
				INFOPLIST_FILE = AkuamarinTripMate/Info.plist;
				INFOPLIST_KEY_UIApplicationSceneManifest_Generation = YES;
				INFOPLIST_KEY_UIApplicationSupportsIndirectInputEvents = YES;
				INFOPLIST_KEY_UILaunchScreen_Generation = YES;
				INFOPLIST_KEY_UISupportedInterfaceOrientations_iPad = "UIInterfaceOrientationPortrait UIInterfaceOrientationPortraitUpsideDown UIInterfaceOrientationLandscapeLeft UIInterfaceOrientationLandscapeRight";
				INFOPLIST_KEY_UISupportedInterfaceOrientations_iPhone = "UIInterfaceOrientationPortrait UIInterfaceOrientationLandscapeLeft UIInterfaceOrientationLandscapeRight";
				LD_RUNPATH_SEARCH_PATHS = (
					"$(inherited)",
					"@executable_path/Frameworks",
				);
				MARKETING_VERSION = 1.0;
				PRODUCT_BUNDLE_IDENTIFIER = com.AliTuna.First.AkuamarinTripMate;
				PRODUCT_NAME = "$(TARGET_NAME)";
				SWIFT_EMIT_LOC_STRINGS = YES;
				SWIFT_VERSION = 5.0;
				TARGETED_DEVICE_FAMILY = "1,2";
			};
			name = Debug;
		};
		3BE4078C2CF7DA1D00E2D5F9 /* Release */ = {
			isa = XCBuildConfiguration;
			buildSettings = {
				ASSETCATALOG_COMPILER_APPICON_NAME = AppIcon;
				ASSETCATALOG_COMPILER_GLOBAL_ACCENT_COLOR_NAME = AccentColor;
				CODE_SIGN_ENTITLEMENTS = AkuamarinTripMate/AkuamarinTripMate.entitlements;
				CODE_SIGN_STYLE = Automatic;
				CURRENT_PROJECT_VERSION = 1;
				DEVELOPMENT_ASSET_PATHS = "\"AkuamarinTripMate/Preview Content\"";
				ENABLE_PREVIEWS = YES;
				GENERATE_INFOPLIST_FILE = YES;
				INFOPLIST_FILE = AkuamarinTripMate/Info.plist;
				INFOPLIST_KEY_UIApplicationSceneManifest_Generation = YES;
				INFOPLIST_KEY_UIApplicationSupportsIndirectInputEvents = YES;
				INFOPLIST_KEY_UILaunchScreen_Generation = YES;
				INFOPLIST_KEY_UISupportedInterfaceOrientations_iPad = "UIInterfaceOrientationPortrait UIInterfaceOrientationPortraitUpsideDown UIInterfaceOrientationLandscapeLeft UIInterfaceOrientationLandscapeRight";
				INFOPLIST_KEY_UISupportedInterfaceOrientations_iPhone = "UIInterfaceOrientationPortrait UIInterfaceOrientationLandscapeLeft UIInterfaceOrientationLandscapeRight";
				LD_RUNPATH_SEARCH_PATHS = (
					"$(inherited)",
					"@executable_path/Frameworks",
				);
				MARKETING_VERSION = 1.0;
				PRODUCT_BUNDLE_IDENTIFIER = com.AliTuna.First.AkuamarinTripMate;
				PRODUCT_NAME = "$(TARGET_NAME)";
				SWIFT_EMIT_LOC_STRINGS = YES;
				SWIFT_VERSION = 5.0;
				TARGETED_DEVICE_FAMILY = "1,2";
			};
			name = Release;
		};
		3BE4078D2CF7DA1D00E2D5F9 /* Debug */ = {
			isa = XCBuildConfiguration;
			buildSettings = {
				ALWAYS_SEARCH_USER_PATHS = NO;
				ASSETCATALOG_COMPILER_GENERATE_SWIFT_ASSET_SYMBOL_EXTENSIONS = YES;
				CLANG_ANALYZER_NONNULL = YES;
				CLANG_ANALYZER_NUMBER_OBJECT_CONVERSION = YES_AGGRESSIVE;
				CLANG_CXX_LANGUAGE_STANDARD = "gnu++20";
				CLANG_ENABLE_MODULES = YES;
				CLANG_ENABLE_OBJC_ARC = YES;
				CLANG_ENABLE_OBJC_WEAK = YES;
				CLANG_WARN_BLOCK_CAPTURE_AUTORELEASING = YES;
				CLANG_WARN_BOOL_CONVERSION = YES;
				CLANG_WARN_COMMA = YES;
				CLANG_WARN_CONSTANT_CONVERSION = YES;
				CLANG_WARN_DEPRECATED_OBJC_IMPLEMENTATIONS = YES;
				CLANG_WARN_DIRECT_OBJC_ISA_USAGE = YES_ERROR;
				CLANG_WARN_DOCUMENTATION_COMMENTS = YES;
				CLANG_WARN_EMPTY_BODY = YES;
				CLANG_WARN_ENUM_CONVERSION = YES;
				CLANG_WARN_INFINITE_RECURSION = YES;
				CLANG_WARN_INT_CONVERSION = YES;
				CLANG_WARN_NON_LITERAL_NULL_CONVERSION = YES;
				CLANG_WARN_OBJC_IMPLICIT_RETAIN_SELF = YES;
				CLANG_WARN_OBJC_LITERAL_CONVERSION = YES;
				CLANG_WARN_OBJC_ROOT_CLASS = YES_ERROR;
				CLANG_WARN_QUOTED_INCLUDE_IN_FRAMEWORK_HEADER = YES;
				CLANG_WARN_RANGE_LOOP_ANALYSIS = YES;
				CLANG_WARN_STRICT_PROTOTYPES = YES;
				CLANG_WARN_SUSPICIOUS_MOVE = YES;
				CLANG_WARN_UNGUARDED_AVAILABILITY = YES_AGGRESSIVE;
				CLANG_WARN_UNREACHABLE_CODE = YES;
				CLANG_WARN__DUPLICATE_METHOD_MATCH = YES;
				COPY_PHASE_STRIP = NO;
				DEBUG_INFORMATION_FORMAT = dwarf;
				ENABLE_STRICT_OBJC_MSGSEND = YES;
				ENABLE_TESTABILITY = YES;
				ENABLE_USER_SCRIPT_SANDBOXING = YES;
				GCC_C_LANGUAGE_STANDARD = gnu17;
				GCC_DYNAMIC_NO_PIC = NO;
				GCC_NO_COMMON_BLOCKS = YES;
				GCC_OPTIMIZATION_LEVEL = 0;
				GCC_PREPROCESSOR_DEFINITIONS = (
					"DEBUG=1",
					"$(inherited)",
				);
				GCC_WARN_64_TO_32_BIT_CONVERSION = YES;
				GCC_WARN_ABOUT_RETURN_TYPE = YES_ERROR;
				GCC_WARN_UNDECLARED_SELECTOR = YES;
				GCC_WARN_UNINITIALIZED_AUTOS = YES_AGGRESSIVE;
				GCC_WARN_UNUSED_FUNCTION = YES;
				GCC_WARN_UNUSED_VARIABLE = YES;
				IPHONEOS_DEPLOYMENT_TARGET = 18.1;
				LOCALIZATION_PREFERS_STRING_CATALOGS = YES;
				MTL_ENABLE_DEBUG_INFO = INCLUDE_SOURCE;
				MTL_FAST_MATH = YES;
				ONLY_ACTIVE_ARCH = YES;
				SDKROOT = iphoneos;
				SWIFT_ACTIVE_COMPILATION_CONDITIONS = "DEBUG $(inherited)";
				SWIFT_OPTIMIZATION_LEVEL = "-Onone";
			};
			name = Debug;
		};
		3BE4078E2CF7DA1D00E2D5F9 /* Release */ = {
			isa = XCBuildConfiguration;
			buildSettings = {
				ALWAYS_SEARCH_USER_PATHS = NO;
				ASSETCATALOG_COMPILER_GENERATE_SWIFT_ASSET_SYMBOL_EXTENSIONS = YES;
				CLANG_ANALYZER_NONNULL = YES;
				CLANG_ANALYZER_NUMBER_OBJECT_CONVERSION = YES_AGGRESSIVE;
				CLANG_CXX_LANGUAGE_STANDARD = "gnu++20";
				CLANG_ENABLE_MODULES = YES;
				CLANG_ENABLE_OBJC_ARC = YES;
				CLANG_ENABLE_OBJC_WEAK = YES;
				CLANG_WARN_BLOCK_CAPTURE_AUTORELEASING = YES;
				CLANG_WARN_BOOL_CONVERSION = YES;
				CLANG_WARN_COMMA = YES;
				CLANG_WARN_CONSTANT_CONVERSION = YES;
				CLANG_WARN_DEPRECATED_OBJC_IMPLEMENTATIONS = YES;
				CLANG_WARN_DIRECT_OBJC_ISA_USAGE = YES_ERROR;
				CLANG_WARN_DOCUMENTATION_COMMENTS = YES;
				CLANG_WARN_EMPTY_BODY = YES;
				CLANG_WARN_ENUM_CONVERSION = YES;
				CLANG_WARN_INFINITE_RECURSION = YES;
				CLANG_WARN_INT_CONVERSION = YES;
				CLANG_WARN_NON_LITERAL_NULL_CONVERSION = YES;
				CLANG_WARN_OBJC_IMPLICIT_RETAIN_SELF = YES;
				CLANG_WARN_OBJC_LITERAL_CONVERSION = YES;
				CLANG_WARN_OBJC_ROOT_CLASS = YES_ERROR;
				CLANG_WARN_QUOTED_INCLUDE_IN_FRAMEWORK_HEADER = YES;
				CLANG_WARN_RANGE_LOOP_ANALYSIS = YES;
				CLANG_WARN_STRICT_PROTOTYPES = YES;
				CLANG_WARN_SUSPICIOUS_MOVE = YES;
				CLANG_WARN_UNGUARDED_AVAILABILITY = YES_AGGRESSIVE;
				CLANG_WARN_UNREACHABLE_CODE = YES;
				CLANG_WARN__DUPLICATE_METHOD_MATCH = YES;
				COPY_PHASE_STRIP = NO;
				DEBUG_INFORMATION_FORMAT = "dwarf-with-dsym";
				ENABLE_NS_ASSERTIONS = NO;
				ENABLE_STRICT_OBJC_MSGSEND = YES;
				ENABLE_USER_SCRIPT_SANDBOXING = YES;
				GCC_C_LANGUAGE_STANDARD = gnu17;
				GCC_NO_COMMON_BLOCKS = YES;
				GCC_WARN_64_TO_32_BIT_CONVERSION = YES;
				GCC_WARN_ABOUT_RETURN_TYPE = YES_ERROR;
				GCC_WARN_UNDECLARED_SELECTOR = YES;
				GCC_WARN_UNINITIALIZED_AUTOS = YES_AGGRESSIVE;
				GCC_WARN_UNUSED_FUNCTION = YES;
				GCC_WARN_UNUSED_VARIABLE = YES;
				IPHONEOS_DEPLOYMENT_TARGET = 18.1;
				LOCALIZATION_PREFERS_STRING_CATALOGS = YES;
				MTL_ENABLE_DEBUG_INFO = NO;
				MTL_FAST_MATH = YES;
				SDKROOT = iphoneos;
				SWIFT_COMPILATION_MODE = wholemodule;
				VALIDATE_PRODUCT = YES;
			};
			name = Release;
		};
		3BE407902CF7DA1D00E2D5F9 /* Debug */ = {
			isa = XCBuildConfiguration;
			buildSettings = {
				BUNDLE_LOADER = "$(TEST_HOST)";
				CODE_SIGN_STYLE = Automatic;
				CURRENT_PROJECT_VERSION = 1;
				GENERATE_INFOPLIST_FILE = YES;
				IPHONEOS_DEPLOYMENT_TARGET = 18.1;
				MARKETING_VERSION = 1.0;
				PRODUCT_BUNDLE_IDENTIFIER = com.AliTuna.First.AkuamarinTripMateTests;
				PRODUCT_NAME = "$(TARGET_NAME)";
				SWIFT_EMIT_LOC_STRINGS = NO;
				SWIFT_VERSION = 5.0;
				TARGETED_DEVICE_FAMILY = "1,2";
				TEST_HOST = "$(BUILT_PRODUCTS_DIR)/AkuamarinTripMate.app/$(BUNDLE_EXECUTABLE_FOLDER_PATH)/AkuamarinTripMate";
			};
			name = Debug;
		};
		3BE407912CF7DA1D00E2D5F9 /* Release */ = {
			isa = XCBuildConfiguration;
			buildSettings = {
				BUNDLE_LOADER = "$(TEST_HOST)";
				CODE_SIGN_STYLE = Automatic;
				CURRENT_PROJECT_VERSION = 1;
				GENERATE_INFOPLIST_FILE = YES;
				IPHONEOS_DEPLOYMENT_TARGET = 18.1;
				MARKETING_VERSION = 1.0;
				PRODUCT_BUNDLE_IDENTIFIER = com.AliTuna.First.AkuamarinTripMateTests;
				PRODUCT_NAME = "$(TARGET_NAME)";
				SWIFT_EMIT_LOC_STRINGS = NO;
				SWIFT_VERSION = 5.0;
				TARGETED_DEVICE_FAMILY = "1,2";
				TEST_HOST = "$(BUILT_PRODUCTS_DIR)/AkuamarinTripMate.app/$(BUNDLE_EXECUTABLE_FOLDER_PATH)/AkuamarinTripMate";
			};
			name = Release;
		};
		3BE407932CF7DA1D00E2D5F9 /* Debug */ = {
			isa = XCBuildConfiguration;
			buildSettings = {
				CODE_SIGN_STYLE = Automatic;
				CURRENT_PROJECT_VERSION = 1;
				GENERATE_INFOPLIST_FILE = YES;
				MARKETING_VERSION = 1.0;
				PRODUCT_BUNDLE_IDENTIFIER = com.AliTuna.First.AkuamarinTripMateUITests;
				PRODUCT_NAME = "$(TARGET_NAME)";
				SWIFT_EMIT_LOC_STRINGS = NO;
				SWIFT_VERSION = 5.0;
				TARGETED_DEVICE_FAMILY = "1,2";
				TEST_TARGET_NAME = AkuamarinTripMate;
			};
			name = Debug;
		};
		3BE407942CF7DA1D00E2D5F9 /* Release */ = {
			isa = XCBuildConfiguration;
			buildSettings = {
				CODE_SIGN_STYLE = Automatic;
				CURRENT_PROJECT_VERSION = 1;
				GENERATE_INFOPLIST_FILE = YES;
				MARKETING_VERSION = 1.0;
				PRODUCT_BUNDLE_IDENTIFIER = com.AliTuna.First.AkuamarinTripMateUITests;
				PRODUCT_NAME = "$(TARGET_NAME)";
				SWIFT_EMIT_LOC_STRINGS = NO;
				SWIFT_VERSION = 5.0;
				TARGETED_DEVICE_FAMILY = "1,2";
				TEST_TARGET_NAME = AkuamarinTripMate;
			};
			name = Release;
		};
/* End XCBuildConfiguration section */

/* Begin XCConfigurationList section */
		3BE4075E2CF7DA1B00E2D5F9 /* Build configuration list for PBXProject "AkuamarinTripMate" */ = {
			isa = XCConfigurationList;
			buildConfigurations = (
				3BE4078D2CF7DA1D00E2D5F9 /* Debug */,
				3BE4078E2CF7DA1D00E2D5F9 /* Release */,
			);
			defaultConfigurationIsVisible = 0;
			defaultConfigurationName = Release;
		};
		3BE4078A2CF7DA1D00E2D5F9 /* Build configuration list for PBXNativeTarget "AkuamarinTripMate" */ = {
			isa = XCConfigurationList;
			buildConfigurations = (
				3BE4078B2CF7DA1D00E2D5F9 /* Debug */,
				3BE4078C2CF7DA1D00E2D5F9 /* Release */,
			);
			defaultConfigurationIsVisible = 0;
			defaultConfigurationName = Release;
		};
		3BE4078F2CF7DA1D00E2D5F9 /* Build configuration list for PBXNativeTarget "AkuamarinTripMateTests" */ = {
			isa = XCConfigurationList;
			buildConfigurations = (
				3BE407902CF7DA1D00E2D5F9 /* Debug */,
				3BE407912CF7DA1D00E2D5F9 /* Release */,
			);
			defaultConfigurationIsVisible = 0;
			defaultConfigurationName = Release;
		};
		3BE407922CF7DA1D00E2D5F9 /* Build configuration list for PBXNativeTarget "AkuamarinTripMateUITests" */ = {
			isa = XCConfigurationList;
			buildConfigurations = (
				3BE407932CF7DA1D00E2D5F9 /* Debug */,
				3BE407942CF7DA1D00E2D5F9 /* Release */,
			);
			defaultConfigurationIsVisible = 0;
			defaultConfigurationName = Release;
		};
/* End XCConfigurationList section */
	};
	rootObject = 3BE4075B2CF7DA1B00E2D5F9 /* Project object */;
}
